
Microsoft Visual Studio Solution File, Format Version 12.00
# Visual Studio Version 16
VisualStudioVersion = 16.0.30907.101
MinimumVisualStudioVersion = 10.0.40219.1
Project("{FAE04EC0-301F-11D3-BF4B-00C04F79EFBC}") = "Dropbox", "Dropbox\Dropbox.csproj", "{7C2FE100-0AFA-4903-9AB5-A77267F7ED6B}"
EndProject
Global
	GlobalSection(SolutionConfigurationPlatforms) = preSolution
		Debug|Any CPU = Debug|Any CPU
		Release|Any CPU = Release|Any CPU
	EndGlobalSection
	GlobalSection(ProjectConfigurationPlatforms) = postSolution
		{7C2FE100-0AFA-4903-9AB5-A77267F7ED6B}.Debug|Any CPU.ActiveCfg = Debug|Any CPU
		{7C2FE100-0AFA-4903-9AB5-A77267F7ED6B}.Debug|Any CPU.Build.0 = Debug|Any CPU
		{7C2FE100-0AFA-4903-9AB5-A77267F7ED6B}.Release|Any CPU.ActiveCfg = Release|Any CPU
		{7C2FE100-0AFA-4903-9AB5-A77267F7ED6B}.Release|Any CPU.Build.0 = Release|Any CPU
	EndGlobalSection
	GlobalSection(SolutionProperties) = preSolution
		HideSolutionNode = FALSE
	EndGlobalSection
	GlobalSection(ExtensibilityGlobals) = postSolution
		SolutionGuid = {1C5879CA-BAF1-46FE-93C8-3264D6EFF9D1}
	EndGlobalSection
EndGlobal
